# This file is automatically @generated by Cargo.
# It is not intended for manual editing.
version = 4

[[package]]
name = "bitflags"
version = "2.11.0"
source = "registry+https://github.com/rust-lang/crates.io-index"
checksum = "843867be96c8daad0d758b57df9392b6d8d271134fce549de6ce169ff98a92af"

[[package]]
name = "lazy_static"
version = "1.5.0"
source = "registry+https://github.com/rust-lang/crates.io-index"
checksum = "bbd2bcb4c963f2ddae06a2efc7e9f3591312473c50c6685e1f298068316e66fe"

[[package]]
name = "libc"
version = "0.2.183"
source = "registry+https://github.com/rust-lang/crates.io-index"
checksum = "b5b646652bf6661599e1da8901b3b9522896f01e736bad5f723fe7a3a27f899d"

[[package]]
name = "sample"
version = "0.1.0"
dependencies = [
 "sdl3",
]

[[package]]
name = "sdl3"
version = "0.16.4"
source = "registry+https://github.com/rust-lang/crates.io-index"
checksum = "c4ab4535cb62004c5a0362fae83b45af619abd855fe0ec60620f74ac68c9e2e6"
dependencies = [
 "bitflags",
 "lazy_static",
 "libc",
 "sdl3-sys",
]

[[package]]
name = "sdl3-sys"
version = "0.5.12+SDL3-3.2.30"
source = "registry+https://github.com/rust-lang/crates.io-index"
checksum = "78b9638d20441d9641bf479d5ec737a46e159549df3a03d1c09d6387f5adf128"
