# This file is automatically @generated by Cargo.
# It is not intended for manual editing.
version = 4

[[package]]
name = "bitflags"
version = "2.10.0"
source = "registry+https://github.com/rust-lang/crates.io-index"
checksum = "812e12b5285cc515a9c72a5c1d3b6d46a19dac5acfef5265968c166106e31dd3"

[[package]]
name = "libc"
version = "0.2.185"
source = "registry+https://github.com/rust-lang/crates.io-index"
checksum = "52ff2c0fe9bc6cb6b14a0592c2ff4fa9ceb83eea9db979b0487cd054946a2b8f"

[[package]]
name = "sample"
version = "0.1.0"
dependencies = [
 "sdl3",
]

[[package]]
name = "sdl3"
version = "0.18.0"
source = "registry+https://github.com/rust-lang/crates.io-index"
checksum = "96e613fca5924ccab8ab8369ab292a1b4720b125e98007fbda163f4ce7176472"
dependencies = [
 "bitflags",
 "libc",
 "sdl3-sys",
]

[[package]]
name = "sdl3-sys"
version = "0.6.3+SDL-3.4.4"
source = "registry+https://github.com/rust-lang/crates.io-index"
checksum = "c7adc59563535710602c8e7035297fd73d2506c0c61677f40aeb8917c0e86a01"
